
Microsoft Visual Studio Solution File, Format Version 12.00
# Visual Studio Version 17
VisualStudioVersion = 17.7.34031.279
MinimumVisualStudioVersion = 10.0.40219.1
Project("{FAE04EC0-301F-11D3-BF4B-00C04F79EFBC}") = "Tp1_INF1007", "WindowsFormsApp1Tp1_INF1007\Tp1_INF1007.csproj", "{8C8531D1-F0C4-451A-AFD3-0E4848EF05BD}"
EndProject
Global
	GlobalSection(SolutionConfigurationPlatforms) = preSolution
		Debug|Any CPU = Debug|Any CPU
		Release|Any CPU = Release|Any CPU
	EndGlobalSection
	GlobalSection(ProjectConfigurationPlatforms) = postSolution
		{8C8531D1-F0C4-451A-AFD3-0E4848EF05BD}.Debug|Any CPU.ActiveCfg = Debug|Any CPU
		{8C8531D1-F0C4-451A-AFD3-0E4848EF05BD}.Debug|Any CPU.Build.0 = Debug|Any CPU
		{8C8531D1-F0C4-451A-AFD3-0E4848EF05BD}.Release|Any CPU.ActiveCfg = Release|Any CPU
		{8C8531D1-F0C4-451A-AFD3-0E4848EF05BD}.Release|Any CPU.Build.0 = Release|Any CPU
	EndGlobalSection
	GlobalSection(SolutionProperties) = preSolution
		HideSolutionNode = FALSE
	EndGlobalSection
	GlobalSection(ExtensibilityGlobals) = postSolution
		SolutionGuid = {E7FEC75B-69DE-4354-84DB-C2C5530EF2FB}
	EndGlobalSection
EndGlobal
